// !$*UTF8*$!
{
	archiveVersion = 1;
	classes = {
	};
	objectVersion = 46;
	objects = {

/* Begin PBXBuildFile section */
		6BD2EDB51F13555B00251498 /* AppDelegate.swift in Sources */ = {isa = PBXBuildFile; fileRef = 6BD2EDB41F13555B00251498 /* AppDelegate.swift */; };
		6BD2EDBC1F13555B00251498 /* Assets.xcassets in Resources */ = {isa = PBXBuildFile; fileRef = 6BD2EDBB1F13555B00251498 /* Assets.xcassets */; };
		6BD2EDC91F143A1B00251498 /* ViewController.swift in Sources */ = {isa = PBXBuildFile; fileRef = 6BD2EDC81F143A1B00251498 /* ViewController.swift */; };
		6BD2EDCB1F143A2C00251498 /* LaunchScreen.storyboard in Resources */ = {isa = PBXBuildFile; fileRef = 6BD2EDCA1F143A2C00251498 /* LaunchScreen.storyboard */; };
		6BD2EDCD1F143A3E00251498 /* Main.storyboard in Resources */ = {isa = PBXBuildFile; fileRef = 6BD2EDCC1F143A3E00251498 /* Main.storyboard */; };
		6BD2EDCF1F143A4B00251498 /* GoogleService-Info.plist in Resources */ = {isa = PBXBuildFile; fileRef = 6BD2EDCE1F143A4B00251498 /* GoogleService-Info.plist */; };
		6BD2EDD31F143A8300251498 /* Default-568h@2x.png in Resources */ = {isa = PBXBuildFile; fileRef = 6BD2EDD21F143A8300251498 /* Default-568h@2x.png */; };
		7266C707EC1EC441C03D0FEE /* Pods_Makestagram.framework in Frameworks */ = {isa = PBXBuildFile; fileRef = FAA25EFC96A68F86E99C3994 /* Pods_Makestagram.framework */; };
/* End PBXBuildFile section */

/* Begin PBXFileReference section */
		6BD2EDB11F13555B00251498 /* Makestagram.app */ = {isa = PBXFileReference; explicitFileType = wrapper.application; includeInIndex = 0; path = Makestagram.app; sourceTree = BUILT_PRODUCTS_DIR; };
		6BD2EDB41F13555B00251498 /* AppDelegate.swift */ = {isa = PBXFileReference; lastKnownFileType = sourcecode.swift; path = AppDelegate.swift; sourceTree = "<group>"; };
		6BD2EDBB1F13555B00251498 /* Assets.xcassets */ = {isa = PBXFileReference; lastKnownFileType = folder.assetcatalog; path = Assets.xcassets; sourceTree = "<group>"; };
		6BD2EDC81F143A1B00251498 /* ViewController.swift */ = {isa = PBXFileReference; fileEncoding = 4; lastKnownFileType = sourcecode.swift; name = ViewController.swift; path = Controllers/ViewController.swift; sourceTree = "<group>"; };
		6BD2EDCA1F143A2C00251498 /* LaunchScreen.storyboard */ = {isa = PBXFileReference; fileEncoding = 4; lastKnownFileType = file.storyboard; name = LaunchScreen.storyboard; path = Storyboards/LaunchScreen.storyboard; sourceTree = "<group>"; };
		6BD2EDCC1F143A3E00251498 /* Main.storyboard */ = {isa = PBXFileReference; fileEncoding = 4; lastKnownFileType = file.storyboard; name = Main.storyboard; path = Storyboards/Main.storyboard; sourceTree = "<group>"; };
		6BD2EDCE1F143A4B00251498 /* GoogleService-Info.plist */ = {isa = PBXFileReference; fileEncoding = 4; lastKnownFileType = text.plist.xml; name = "GoogleService-Info.plist"; path = "Supporting/GoogleService-Info.plist"; sourceTree = "<group>"; };
		6BD2EDD01F143A5200251498 /* Info.plist */ = {isa = PBXFileReference; fileEncoding = 4; lastKnownFileType = text.plist.xml; name = Info.plist; path = Supporting/Info.plist; sourceTree = "<group>"; };
		6BD2EDD21F143A8300251498 /* Default-568h@2x.png */ = {isa = PBXFileReference; lastKnownFileType = image.png; path = "Default-568h@2x.png"; sourceTree = "<group>"; };
		73D590BD1F3C2274C603C726 /* Pods-Makestagram.debug.xcconfig */ = {isa = PBXFileReference; includeInIndex = 1; lastKnownFileType = text.xcconfig; name = "Pods-Makestagram.debug.xcconfig"; path = "Pods/Target Support Files/Pods-Makestagram/Pods-Makestagram.debug.xcconfig"; sourceTree = "<group>"; };
		D9B3BB25B967971BE7B55B9F /* Pods-Makestagram.release.xcconfig */ = {isa = PBXFileReference; includeInIndex = 1; lastKnownFileType = text.xcconfig; name = "Pods-Makestagram.release.xcconfig"; path = "Pods/Target Support Files/Pods-Makestagram/Pods-Makestagram.release.xcconfig"; sourceTree = "<group>"; };
		FAA25EFC96A68F86E99C3994 /* Pods_Makestagram.framework */ = {isa = PBXFileReference; explicitFileType = wrapper.framework; includeInIndex = 0; path = Pods_Makestagram.framework; sourceTree = BUILT_PRODUCTS_DIR; };
/* End PBXFileReference section */

/* Begin PBXFrameworksBuildPhase section */
		6BD2EDAE1F13555B00251498 /* Frameworks */ = {
			isa = PBXFrameworksBuildPhase;
			buildActionMask = 2147483647;
			files = (
				7266C707EC1EC441C03D0FEE /* Pods_Makestagram.framework in Frameworks */,
			);
			runOnlyForDeploymentPostprocessing = 0;
		};
/* End PBXFrameworksBuildPhase section */

/* Begin PBXGroup section */
		3F5E423067117A9297C66713 /* Pods */ = {
			isa = PBXGroup;
			children = (
				73D590BD1F3C2274C603C726 /* Pods-Makestagram.debug.xcconfig */,
				D9B3BB25B967971BE7B55B9F /* Pods-Makestagram.release.xcconfig */,
			);
			name = Pods;
			sourceTree = "<group>";
		};
		6BD2EDA81F13555B00251498 = {
			isa = PBXGroup;
			children = (
				6BD2EDD21F143A8300251498 /* Default-568h@2x.png */,
				6BD2EDB31F13555B00251498 /* Makestagram */,
				6BD2EDB21F13555B00251498 /* Products */,
				3F5E423067117A9297C66713 /* Pods */,
				DEF92EC07CF81E164BAE73D2 /* Frameworks */,
			);
			sourceTree = "<group>";
		};
		6BD2EDB21F13555B00251498 /* Products */ = {
			isa = PBXGroup;
			children = (
				6BD2EDB11F13555B00251498 /* Makestagram.app */,
			);
			name = Products;
			sourceTree = "<group>";
		};
		6BD2EDB31F13555B00251498 /* Makestagram */ = {
			isa = PBXGroup;
			children = (
				6BD2EDB41F13555B00251498 /* AppDelegate.swift */,
				6BD2EDD41F14496500251498 /* View Controllers */,
				6BD2EDD51F14498200251498 /* Storyboards */,
				6BD2EDD61F1449B700251498 /* Supporting Files */,
			);
			path = Makestagram;
			sourceTree = "<group>";
		};
		6BD2EDD41F14496500251498 /* View Controllers */ = {
			isa = PBXGroup;
			children = (
				6BD2EDC81F143A1B00251498 /* ViewController.swift */,
			);
			name = "View Controllers";
			sourceTree = "<group>";
		};
		6BD2EDD51F14498200251498 /* Storyboards */ = {
			isa = PBXGroup;
			children = (
				6BD2EDBB1F13555B00251498 /* Assets.xcassets */,
				6BD2EDCC1F143A3E00251498 /* Main.storyboard */,
			);
			name = Storyboards;
			sourceTree = "<group>";
		};
		6BD2EDD61F1449B700251498 /* Supporting Files */ = {
			isa = PBXGroup;
			children = (
				6BD2EDCA1F143A2C00251498 /* LaunchScreen.storyboard */,
				6BD2EDD01F143A5200251498 /* Info.plist */,
				6BD2EDCE1F143A4B00251498 /* GoogleService-Info.plist */,
			);
			name = "Supporting Files";
			sourceTree = "<group>";
		};
		DEF92EC07CF81E164BAE73D2 /* Frameworks */ = {
			isa = PBXGroup;
			children = (
				FAA25EFC96A68F86E99C3994 /* Pods_Makestagram.framework */,
			);
			name = Frameworks;
			sourceTree = "<group>";
		};
/* End PBXGroup section */

/* Begin PBXNativeTarget section */
		6BD2EDB01F13555B00251498 /* Makestagram */ = {
			isa = PBXNativeTarget;
			buildConfigurationList = 6BD2EDC31F13555B00251498 /* Build configuration list for PBXNativeTarget "Makestagram" */;
			buildPhases = (
				86D33F96A2BA8BEA7256CD2F /* [CP] Check Pods Manifest.lock */,
				6BD2EDAD1F13555B00251498 /* Sources */,
				6BD2EDAE1F13555B00251498 /* Frameworks */,
				6BD2EDAF1F13555B00251498 /* Resources */,
				6C937CF08F78EE610FC57165 /* [CP] Embed Pods Frameworks */,
				DE223F73E7A3941D1F3AD263 /* [CP] Copy Pods Resources */,
			);
			buildRules = (
			);
			dependencies = (
			);
			name = Makestagram;
			productName = Makestagram;
			productReference = 6BD2EDB11F13555B00251498 /* Makestagram.app */;
			productType = "com.apple.product-type.application";
		};
/* End PBXNativeTarget section */

/* Begin PBXProject section */
		6BD2EDA91F13555B00251498 /* Project object */ = {
			isa = PBXProject;
			attributes = {
				LastSwiftUpdateCheck = 0830;
				LastUpgradeCheck = 0830;
				ORGANIZATIONNAME = "Jake Tran";
				TargetAttributes = {
					6BD2EDB01F13555B00251498 = {
						CreatedOnToolsVersion = 8.3.3;
						ProvisioningStyle = Automatic;
					};
				};
			};
			buildConfigurationList = 6BD2EDAC1F13555B00251498 /* Build configuration list for PBXProject "Makestagram" */;
			compatibilityVersion = "Xcode 3.2";
			developmentRegion = English;
			hasScannedForEncodings = 0;
			knownRegions = (
				en,
				Base,
			);
			mainGroup = 6BD2EDA81F13555B00251498;
			productRefGroup = 6BD2EDB21F13555B00251498 /* Products */;
			projectDirPath = "";
			projectRoot = "";
			targets = (
				6BD2EDB01F13555B00251498 /* Makestagram */,
			);
		};
/* End PBXProject section */

/* Begin PBXResourcesBuildPhase section */
		6BD2EDAF1F13555B00251498 /* Resources */ = {
			isa = PBXResourcesBuildPhase;
			buildActionMask = 2147483647;
			files = (
				6BD2EDCD1F143A3E00251498 /* Main.storyboard in Resources */,
				6BD2EDCF1F143A4B00251498 /* GoogleService-Info.plist in Resources */,
				6BD2EDBC1F13555B00251498 /* Assets.xcassets in Resources */,
				6BD2EDCB1F143A2C00251498 /* LaunchScreen.storyboard in Resources */,
				6BD2EDD31F143A8300251498 /* Default-568h@2x.png in Resources */,
			);
			runOnlyForDeploymentPostprocessing = 0;
		};
/* End PBXResourcesBuildPhase section */

/* Begin PBXShellScriptBuildPhase section */
		6C937CF08F78EE610FC57165 /* [CP] Embed Pods Frameworks */ = {
			isa = PBXShellScriptBuildPhase;
			buildActionMask = 2147483647;
			files = (
			);
			inputPaths = (
			);
			name = "[CP] Embed Pods Frameworks";
			outputPaths = (
			);
			runOnlyForDeploymentPostprocessing = 0;
			shellPath = /bin/sh;
			shellScript = "\"${SRCROOT}/Pods/Target Support Files/Pods-Makestagram/Pods-Makestagram-frameworks.sh\"\n";
			showEnvVarsInLog = 0;
		};
		86D33F96A2BA8BEA7256CD2F /* [CP] Check Pods Manifest.lock */ = {
			isa = PBXShellScriptBuildPhase;
			buildActionMask = 2147483647;
			files = (
			);
			inputPaths = (
			);
			name = "[CP] Check Pods Manifest.lock";
			outputPaths = (
			);
			runOnlyForDeploymentPostprocessing = 0;
			shellPath = /bin/sh;
			shellScript = "diff \"${PODS_PODFILE_DIR_PATH}/Podfile.lock\" \"${PODS_ROOT}/Manifest.lock\" > /dev/null\nif [ $? != 0 ] ; then\n    # print error to STDERR\n    echo \"error: The sandbox is not in sync with the Podfile.lock. Run 'pod install' or update your CocoaPods installation.\" >&2\n    exit 1\nfi\n";
			showEnvVarsInLog = 0;
		};
		DE223F73E7A3941D1F3AD263 /* [CP] Copy Pods Resources */ = {
			isa = PBXShellScriptBuildPhase;
			buildActionMask = 2147483647;
			files = (
			);
			inputPaths = (
			);
			name = "[CP] Copy Pods Resources";
			outputPaths = (
			);
			runOnlyForDeploymentPostprocessing = 0;
			shellPath = /bin/sh;
			shellScript = "\"${SRCROOT}/Pods/Target Support Files/Pods-Makestagram/Pods-Makestagram-resources.sh\"\n";
			showEnvVarsInLog = 0;
		};
/* End PBXShellScriptBuildPhase section */

/* Begin PBXSourcesBuildPhase section */
		6BD2EDAD1F13555B00251498 /* Sources */ = {
			isa = PBXSourcesBuildPhase;
			buildActionMask = 2147483647;
			files = (
				6BD2EDC91F143A1B00251498 /* ViewController.swift in Sources */,
				6BD2EDB51F13555B00251498 /* AppDelegate.swift in Sources */,
			);
			runOnlyForDeploymentPostprocessing = 0;
		};
/* End PBXSourcesBuildPhase section */

/* Begin XCBuildConfiguration section */
		6BD2EDC11F13555B00251498 /* Debug */ = {
			isa = XCBuildConfiguration;
			buildSettings = {
				ALWAYS_SEARCH_USER_PATHS = NO;
				CLANG_ANALYZER_NONNULL = YES;
				CLANG_ANALYZER_NUMBER_OBJECT_CONVERSION = YES_AGGRESSIVE;
				CLANG_CXX_LANGUAGE_STANDARD = "gnu++0x";
				CLANG_CXX_LIBRARY = "libc++";
				CLANG_ENABLE_MODULES = YES;
				CLANG_ENABLE_OBJC_ARC = YES;
				CLANG_WARN_BOOL_CONVERSION = YES;
				CLANG_WARN_CONSTANT_CONVERSION = YES;
				CLANG_WARN_DIRECT_OBJC_ISA_USAGE = YES_ERROR;
				CLANG_WARN_DOCUMENTATION_COMMENTS = YES;
				CLANG_WARN_EMPTY_BODY = YES;
				CLANG_WARN_ENUM_CONVERSION = YES;
				CLANG_WARN_INFINITE_RECURSION = YES;
				CLANG_WARN_INT_CONVERSION = YES;
				CLANG_WARN_OBJC_ROOT_CLASS = YES_ERROR;
				CLANG_WARN_SUSPICIOUS_MOVE = YES;
				CLANG_WARN_UNREACHABLE_CODE = YES;
				CLANG_WARN__DUPLICATE_METHOD_MATCH = YES;
				"CODE_SIGN_IDENTITY[sdk=iphoneos*]" = "iPhone Developer";
				COPY_PHASE_STRIP = NO;
				DEBUG_INFORMATION_FORMAT = dwarf;
				ENABLE_STRICT_OBJC_MSGSEND = YES;
				ENABLE_TESTABILITY = YES;
				GCC_C_LANGUAGE_STANDARD = gnu99;
				GCC_DYNAMIC_NO_PIC = NO;
				GCC_NO_COMMON_BLOCKS = YES;
				GCC_OPTIMIZATION_LEVEL = 0;
				GCC_PREPROCESSOR_DEFINITIONS = (
					"DEBUG=1",
					"$(inherited)",
				);
				GCC_WARN_64_TO_32_BIT_CONVERSION = YES;
				GCC_WARN_ABOUT_RETURN_TYPE = YES_ERROR;
				GCC_WARN_UNDECLARED_SELECTOR = YES;
				GCC_WARN_UNINITIALIZED_AUTOS = YES_AGGRESSIVE;
				GCC_WARN_UNUSED_FUNCTION = YES;
				GCC_WARN_UNUSED_VARIABLE = YES;
				IPHONEOS_DEPLOYMENT_TARGET = 10.3;
				MTL_ENABLE_DEBUG_INFO = YES;
				ONLY_ACTIVE_ARCH = YES;
				SDKROOT = iphoneos;
				SWIFT_ACTIVE_COMPILATION_CONDITIONS = DEBUG;
				SWIFT_OPTIMIZATION_LEVEL = "-Onone";
			};
			name = Debug;
		};
		6BD2EDC21F13555B00251498 /* Release */ = {
			isa = XCBuildConfiguration;
			buildSettings = {
				ALWAYS_SEARCH_USER_PATHS = NO;
				CLANG_ANALYZER_NONNULL = YES;
				CLANG_ANALYZER_NUMBER_OBJECT_CONVERSION = YES_AGGRESSIVE;
				CLANG_CXX_LANGUAGE_STANDARD = "gnu++0x";
				CLANG_CXX_LIBRARY = "libc++";
				CLANG_ENABLE_MODULES = YES;
				CLANG_ENABLE_OBJC_ARC = YES;
				CLANG_WARN_BOOL_CONVERSION = YES;
				CLANG_WARN_CONSTANT_CONVERSION = YES;
				CLANG_WARN_DIRECT_OBJC_ISA_USAGE = YES_ERROR;
				CLANG_WARN_DOCUMENTATION_COMMENTS = YES;
				CLANG_WARN_EMPTY_BODY = YES;
				CLANG_WARN_ENUM_CONVERSION = YES;
				CLANG_WARN_INFINITE_RECURSION = YES;
				CLANG_WARN_INT_CONVERSION = YES;
				CLANG_WARN_OBJC_ROOT_CLASS = YES_ERROR;
				CLANG_WARN_SUSPICIOUS_MOVE = YES;
				CLANG_WARN_UNREACHABLE_CODE = YES;
				CLANG_WARN__DUPLICATE_METHOD_MATCH = YES;
				"CODE_SIGN_IDENTITY[sdk=iphoneos*]" = "iPhone Developer";
				COPY_PHASE_STRIP = NO;
				DEBUG_INFORMATION_FORMAT = "dwarf-with-dsym";
				ENABLE_NS_ASSERTIONS = NO;
				ENABLE_STRICT_OBJC_MSGSEND = YES;
				GCC_C_LANGUAGE_STANDARD = gnu99;
				GCC_NO_COMMON_BLOCKS = YES;
				GCC_WARN_64_TO_32_BIT_CONVERSION = YES;
				GCC_WARN_ABOUT_RETURN_TYPE = YES_ERROR;
				GCC_WARN_UNDECLARED_SELECTOR = YES;
				GCC_WARN_UNINITIALIZED_AUTOS = YES_AGGRESSIVE;
				GCC_WARN_UNUSED_FUNCTION = YES;
				GCC_WARN_UNUSED_VARIABLE = YES;
				IPHONEOS_DEPLOYMENT_TARGET = 10.3;
				MTL_ENABLE_DEBUG_INFO = NO;
				SDKROOT = iphoneos;
				SWIFT_OPTIMIZATION_LEVEL = "-Owholemodule";
				VALIDATE_PRODUCT = YES;
			};
			name = Release;
		};
		6BD2EDC41F13555B00251498 /* Debug */ = {
			isa = XCBuildConfiguration;
			baseConfigurationReference = 73D590BD1F3C2274C603C726 /* Pods-Makestagram.debug.xcconfig */;
			buildSettings = {
				ASSETCATALOG_COMPILER_APPICON_NAME = AppIcon;
				INFOPLIST_FILE = "$(SRCROOT)/Makestagram/Supporting/Info.plist";
				LD_RUNPATH_SEARCH_PATHS = "$(inherited) @executable_path/Frameworks";
				PRODUCT_BUNDLE_IDENTIFIER = com.makeschool.Makestagram;
				PRODUCT_NAME = "$(TARGET_NAME)";
				SWIFT_VERSION = 3.0;
			};
			name = Debug;
		};
		6BD2EDC51F13555B00251498 /* Release */ = {
			isa = XCBuildConfiguration;
			baseConfigurationReference = D9B3BB25B967971BE7B55B9F /* Pods-Makestagram.release.xcconfig */;
			buildSettings = {
				ASSETCATALOG_COMPILER_APPICON_NAME = AppIcon;
				INFOPLIST_FILE = "$(SRCROOT)/Makestagram/Supporting/Info.plist";
				LD_RUNPATH_SEARCH_PATHS = "$(inherited) @executable_path/Frameworks";
				PRODUCT_BUNDLE_IDENTIFIER = com.makeschool.Makestagram;
				PRODUCT_NAME = "$(TARGET_NAME)";
				SWIFT_VERSION = 3.0;
			};
			name = Release;
		};
/* End XCBuildConfiguration section */

/* Begin XCConfigurationList section */
		6BD2EDAC1F13555B00251498 /* Build configuration list for PBXProject "Makestagram" */ = {
			isa = XCConfigurationList;
			buildConfigurations = (
				6BD2EDC11F13555B00251498 /* Debug */,
				6BD2EDC21F13555B00251498 /* Release */,
			);
			defaultConfigurationIsVisible = 0;
			defaultConfigurationName = Release;
		};
		6BD2EDC31F13555B00251498 /* Build configuration list for PBXNativeTarget "Makestagram" */ = {
			isa = XCConfigurationList;
			buildConfigurations = (
				6BD2EDC41F13555B00251498 /* Debug */,
				6BD2EDC51F13555B00251498 /* Release */,
			);
			defaultConfigurationIsVisible = 0;
			defaultConfigurationName = Release;
		};
/* End XCConfigurationList section */
	};
	rootObject = 6BD2EDA91F13555B00251498 /* Project object */;
}
